// !$*UTF8*$!
{
	archiveVersion = 1;
	classes = {
	};
	objectVersion = 50;
	objects = {

/* Begin PBXBuildFile section */
		38140166275A56BF0042B9EE /* AppDelegate.swift in Sources */ = {isa = PBXBuildFile; fileRef = 38140165275A56BF0042B9EE /* AppDelegate.swift */; };
		38140168275A56BF0042B9EE /* SceneDelegate.swift in Sources */ = {isa = PBXBuildFile; fileRef = 38140167275A56BF0042B9EE /* SceneDelegate.swift */; };
		3814016A275A56BF0042B9EE /* ViewController.swift in Sources */ = {isa = PBXBuildFile; fileRef = 38140169275A56BF0042B9EE /* ViewController.swift */; };
		3814016D275A56BF0042B9EE /* Main.storyboard in Resources */ = {isa = PBXBuildFile; fileRef = 3814016B275A56BF0042B9EE /* Main.storyboard */; };
		3814016F275A56C70042B9EE /* Assets.xcassets in Resources */ = {isa = PBXBuildFile; fileRef = 3814016E275A56C70042B9EE /* Assets.xcassets */; };
		38140172275A56C70042B9EE /* LaunchScreen.storyboard in Resources */ = {isa = PBXBuildFile; fileRef = 38140170275A56C70042B9EE /* LaunchScreen.storyboard */; };
		3814017B275A57220042B9EE /* TODO.swift in Sources */ = {isa = PBXBuildFile; fileRef = 3814017A275A57220042B9EE /* TODO.swift */; };
		3814017E275A59BA0042B9EE /* myTableViewCell.swift in Sources */ = {isa = PBXBuildFile; fileRef = 3814017D275A59BA0042B9EE /* myTableViewCell.swift */; };
		38140181275A5A600042B9EE /* myViewController.swift in Sources */ = {isa = PBXBuildFile; fileRef = 38140180275A5A600042B9EE /* myViewController.swift */; };
		38140184275A72FB0042B9EE /* AddViewController.swift in Sources */ = {isa = PBXBuildFile; fileRef = 38140183275A72FB0042B9EE /* AddViewController.swift */; };
/* End PBXBuildFile section */

/* Begin PBXFileReference section */
		38140162275A56BF0042B9EE /* TODO List.app */ = {isa = PBXFileReference; explicitFileType = wrapper.application; includeInIndex = 0; path = "TODO List.app"; sourceTree = BUILT_PRODUCTS_DIR; };
		38140165275A56BF0042B9EE /* AppDelegate.swift */ = {isa = PBXFileReference; lastKnownFileType = sourcecode.swift; path = AppDelegate.swift; sourceTree = "<group>"; };
		38140167275A56BF0042B9EE /* SceneDelegate.swift */ = {isa = PBXFileReference; lastKnownFileType = sourcecode.swift; path = SceneDelegate.swift; sourceTree = "<group>"; };
		38140169275A56BF0042B9EE /* ViewController.swift */ = {isa = PBXFileReference; lastKnownFileType = sourcecode.swift; path = ViewController.swift; sourceTree = "<group>"; };
		3814016C275A56BF0042B9EE /* Base */ = {isa = PBXFileReference; lastKnownFileType = file.storyboard; name = Base; path = Base.lproj/Main.storyboard; sourceTree = "<group>"; };
		3814016E275A56C70042B9EE /* Assets.xcassets */ = {isa = PBXFileReference; lastKnownFileType = folder.assetcatalog; path = Assets.xcassets; sourceTree = "<group>"; };
		38140171275A56C70042B9EE /* Base */ = {isa = PBXFileReference; lastKnownFileType = file.storyboard; name = Base; path = Base.lproj/LaunchScreen.storyboard; sourceTree = "<group>"; };
		38140173275A56C70042B9EE /* Info.plist */ = {isa = PBXFileReference; lastKnownFileType = text.plist.xml; path = Info.plist; sourceTree = "<group>"; };
		3814017A275A57220042B9EE /* TODO.swift */ = {isa = PBXFileReference; lastKnownFileType = sourcecode.swift; path = TODO.swift; sourceTree = "<group>"; };
		3814017D275A59BA0042B9EE /* myTableViewCell.swift */ = {isa = PBXFileReference; lastKnownFileType = sourcecode.swift; path = myTableViewCell.swift; sourceTree = "<group>"; };
		38140180275A5A600042B9EE /* myViewController.swift */ = {isa = PBXFileReference; lastKnownFileType = sourcecode.swift; path = myViewController.swift; sourceTree = "<group>"; };
		38140183275A72FB0042B9EE /* AddViewController.swift */ = {isa = PBXFileReference; lastKnownFileType = sourcecode.swift; path = AddViewController.swift; sourceTree = "<group>"; };
/* End PBXFileReference section */

/* Begin PBXFrameworksBuildPhase section */
		3814015F275A56BF0042B9EE /* Frameworks */ = {
			isa = PBXFrameworksBuildPhase;
			buildActionMask = 2147483647;
			files = (
			);
			runOnlyForDeploymentPostprocessing = 0;
		};
/* End PBXFrameworksBuildPhase section */

/* Begin PBXGroup section */
		38140159275A56BF0042B9EE = {
			isa = PBXGroup;
			children = (
				38140164275A56BF0042B9EE /* TODO List */,
				38140163275A56BF0042B9EE /* Products */,
			);
			sourceTree = "<group>";
		};
		38140163275A56BF0042B9EE /* Products */ = {
			isa = PBXGroup;
			children = (
				38140162275A56BF0042B9EE /* TODO List.app */,
			);
			name = Products;
			sourceTree = "<group>";
		};
		38140164275A56BF0042B9EE /* TODO List */ = {
			isa = PBXGroup;
			children = (
				38140165275A56BF0042B9EE /* AppDelegate.swift */,
				38140167275A56BF0042B9EE /* SceneDelegate.swift */,
				38140169275A56BF0042B9EE /* ViewController.swift */,
				3814016B275A56BF0042B9EE /* Main.storyboard */,
				38140183275A72FB0042B9EE /* AddViewController.swift */,
				38140180275A5A600042B9EE /* myViewController.swift */,
				3814017D275A59BA0042B9EE /* myTableViewCell.swift */,
				3814017A275A57220042B9EE /* TODO.swift */,
				3814016E275A56C70042B9EE /* Assets.xcassets */,
				38140170275A56C70042B9EE /* LaunchScreen.storyboard */,
				38140173275A56C70042B9EE /* Info.plist */,
			);
			path = "TODO List";
			sourceTree = "<group>";
		};
/* End PBXGroup section */

/* Begin PBXNativeTarget section */
		38140161275A56BF0042B9EE /* TODO List */ = {
			isa = PBXNativeTarget;
			buildConfigurationList = 38140176275A56C70042B9EE /* Build configuration list for PBXNativeTarget "TODO List" */;
			buildPhases = (
				3814015E275A56BF0042B9EE /* Sources */,
				3814015F275A56BF0042B9EE /* Frameworks */,
				38140160275A56BF0042B9EE /* Resources */,
			);
			buildRules = (
			);
			dependencies = (
			);
			name = "TODO List";
			productName = "TODO List";
			productReference = 38140162275A56BF0042B9EE /* TODO List.app */;
			productType = "com.apple.product-type.application";
		};
/* End PBXNativeTarget section */

/* Begin PBXProject section */
		3814015A275A56BF0042B9EE /* Project object */ = {
			isa = PBXProject;
			attributes = {
				LastSwiftUpdateCheck = 1200;
				LastUpgradeCheck = 1200;
				TargetAttributes = {
					38140161275A56BF0042B9EE = {
						CreatedOnToolsVersion = 12.0.1;
					};
				};
			};
			buildConfigurationList = 3814015D275A56BF0042B9EE /* Build configuration list for PBXProject "TODO List" */;
			compatibilityVersion = "Xcode 9.3";
			developmentRegion = en;
			hasScannedForEncodings = 0;
			knownRegions = (
				en,
				Base,
			);
			mainGroup = 38140159275A56BF0042B9EE;
			productRefGroup = 38140163275A56BF0042B9EE /* Products */;
			projectDirPath = "";
			projectRoot = "";
			targets = (
				38140161275A56BF0042B9EE /* TODO List */,
			);
		};
/* End PBXProject section */

/* Begin PBXResourcesBuildPhase section */
		38140160275A56BF0042B9EE /* Resources */ = {
			isa = PBXResourcesBuildPhase;
			buildActionMask = 2147483647;
			files = (
				38140172275A56C70042B9EE /* LaunchScreen.storyboard in Resources */,
				3814016F275A56C70042B9EE /* Assets.xcassets in Resources */,
				3814016D275A56BF0042B9EE /* Main.storyboard in Resources */,
			);
			runOnlyForDeploymentPostprocessing = 0;
		};
/* End PBXResourcesBuildPhase section */

/* Begin PBXSourcesBuildPhase section */
		3814015E275A56BF0042B9EE /* Sources */ = {
			isa = PBXSourcesBuildPhase;
			buildActionMask = 2147483647;
			files = (
				3814016A275A56BF0042B9EE /* ViewController.swift in Sources */,
				3814017E275A59BA0042B9EE /* myTableViewCell.swift in Sources */,
				38140184275A72FB0042B9EE /* AddViewController.swift in Sources */,
				38140166275A56BF0042B9EE /* AppDelegate.swift in Sources */,
				38140168275A56BF0042B9EE /* SceneDelegate.swift in Sources */,
				38140181275A5A600042B9EE /* myViewController.swift in Sources */,
				3814017B275A57220042B9EE /* TODO.swift in Sources */,
			);
			runOnlyForDeploymentPostprocessing = 0;
		};
/* End PBXSourcesBuildPhase section */

/* Begin PBXVariantGroup section */
		3814016B275A56BF0042B9EE /* Main.storyboard */ = {
			isa = PBXVariantGroup;
			children = (
				3814016C275A56BF0042B9EE /* Base */,
			);
			name = Main.storyboard;
			sourceTree = "<group>";
		};
		38140170275A56C70042B9EE /* LaunchScreen.storyboard */ = {
			isa = PBXVariantGroup;
			children = (
				38140171275A56C70042B9EE /* Base */,
			);
			name = LaunchScreen.storyboard;
			sourceTree = "<group>";
		};
/* End PBXVariantGroup section */

/* Begin XCBuildConfiguration section */
		38140174275A56C70042B9EE /* Debug */ = {
			isa = XCBuildConfiguration;
			buildSettings = {
				ALWAYS_SEARCH_USER_PATHS = NO;
				CLANG_ANALYZER_NONNULL = YES;
				CLANG_ANALYZER_NUMBER_OBJECT_CONVERSION = YES_AGGRESSIVE;
				CLANG_CXX_LANGUAGE_STANDARD = "gnu++14";
				CLANG_CXX_LIBRARY = "libc++";
				CLANG_ENABLE_MODULES = YES;
				CLANG_ENABLE_OBJC_ARC = YES;
				CLANG_ENABLE_OBJC_WEAK = YES;
				CLANG_WARN_BLOCK_CAPTURE_AUTORELEASING = YES;
				CLANG_WARN_BOOL_CONVERSION = YES;
				CLANG_WARN_COMMA = YES;
				CLANG_WARN_CONSTANT_CONVERSION = YES;
				CLANG_WARN_DEPRECATED_OBJC_IMPLEMENTATIONS = YES;
				CLANG_WARN_DIRECT_OBJC_ISA_USAGE = YES_ERROR;
				CLANG_WARN_DOCUMENTATION_COMMENTS = YES;
				CLANG_WARN_EMPTY_BODY = YES;
				CLANG_WARN_ENUM_CONVERSION = YES;
				CLANG_WARN_INFINITE_RECURSION = YES;
				CLANG_WARN_INT_CONVERSION = YES;
				CLANG_WARN_NON_LITERAL_NULL_CONVERSION = YES;
				CLANG_WARN_OBJC_IMPLICIT_RETAIN_SELF = YES;
				CLANG_WARN_OBJC_LITERAL_CONVERSION = YES;
				CLANG_WARN_OBJC_ROOT_CLASS = YES_ERROR;
				CLANG_WARN_QUOTED_INCLUDE_IN_FRAMEWORK_HEADER = YES;
				CLANG_WARN_RANGE_LOOP_ANALYSIS = YES;
				CLANG_WARN_STRICT_PROTOTYPES = YES;
				CLANG_WARN_SUSPICIOUS_MOVE = YES;
				CLANG_WARN_UNGUARDED_AVAILABILITY = YES_AGGRESSIVE;
				CLANG_WARN_UNREACHABLE_CODE = YES;
				CLANG_WARN__DUPLICATE_METHOD_MATCH = YES;
				COPY_PHASE_STRIP = NO;
				DEBUG_INFORMATION_FORMAT = dwarf;
				ENABLE_STRICT_OBJC_MSGSEND = YES;
				ENABLE_TESTABILITY = YES;
				GCC_C_LANGUAGE_STANDARD = gnu11;
				GCC_DYNAMIC_NO_PIC = NO;
				GCC_NO_COMMON_BLOCKS = YES;
				GCC_OPTIMIZATION_LEVEL = 0;
				GCC_PREPROCESSOR_DEFINITIONS = (
					"DEBUG=1",
					"$(inherited)",
				);
				GCC_WARN_64_TO_32_BIT_CONVERSION = YES;
				GCC_WARN_ABOUT_RETURN_TYPE = YES_ERROR;
				GCC_WARN_UNDECLARED_SELECTOR = YES;
				GCC_WARN_UNINITIALIZED_AUTOS = YES_AGGRESSIVE;
				GCC_WARN_UNUSED_FUNCTION = YES;
				GCC_WARN_UNUSED_VARIABLE = YES;
				IPHONEOS_DEPLOYMENT_TARGET = 14.0;
				MTL_ENABLE_DEBUG_INFO = INCLUDE_SOURCE;
				MTL_FAST_MATH = YES;
				ONLY_ACTIVE_ARCH = YES;
				SDKROOT = iphoneos;
				SWIFT_ACTIVE_COMPILATION_CONDITIONS = DEBUG;
				SWIFT_OPTIMIZATION_LEVEL = "-Onone";
			};
			name = Debug;
		};
		38140175275A56C70042B9EE /* Release */ = {
			isa = XCBuildConfiguration;
			buildSettings = {
				ALWAYS_SEARCH_USER_PATHS = NO;
				CLANG_ANALYZER_NONNULL = YES;
				CLANG_ANALYZER_NUMBER_OBJECT_CONVERSION = YES_AGGRESSIVE;
				CLANG_CXX_LANGUAGE_STANDARD = "gnu++14";
				CLANG_CXX_LIBRARY = "libc++";
				CLANG_ENABLE_MODULES = YES;
				CLANG_ENABLE_OBJC_ARC = YES;
				CLANG_ENABLE_OBJC_WEAK = YES;
				CLANG_WARN_BLOCK_CAPTURE_AUTORELEASING = YES;
				CLANG_WARN_BOOL_CONVERSION = YES;
				CLANG_WARN_COMMA = YES;
				CLANG_WARN_CONSTANT_CONVERSION = YES;
				CLANG_WARN_DEPRECATED_OBJC_IMPLEMENTATIONS = YES;
				CLANG_WARN_DIRECT_OBJC_ISA_USAGE = YES_ERROR;
				CLANG_WARN_DOCUMENTATION_COMMENTS = YES;
				CLANG_WARN_EMPTY_BODY = YES;
				CLANG_WARN_ENUM_CONVERSION = YES;
				CLANG_WARN_INFINITE_RECURSION = YES;
				CLANG_WARN_INT_CONVERSION = YES;
				CLANG_WARN_NON_LITERAL_NULL_CONVERSION = YES;
				CLANG_WARN_OBJC_IMPLICIT_RETAIN_SELF = YES;
				CLANG_WARN_OBJC_LITERAL_CONVERSION = YES;
				CLANG_WARN_OBJC_ROOT_CLASS = YES_ERROR;
				CLANG_WARN_QUOTED_INCLUDE_IN_FRAMEWORK_HEADER = YES;
				CLANG_WARN_RANGE_LOOP_ANALYSIS = YES;
				CLANG_WARN_STRICT_PROTOTYPES = YES;
				CLANG_WARN_SUSPICIOUS_MOVE = YES;
				CLANG_WARN_UNGUARDED_AVAILABILITY = YES_AGGRESSIVE;
				CLANG_WARN_UNREACHABLE_CODE = YES;
				CLANG_WARN__DUPLICATE_METHOD_MATCH = YES;
				COPY_PHASE_STRIP = NO;
				DEBUG_INFORMATION_FORMAT = "dwarf-with-dsym";
				ENABLE_NS_ASSERTIONS = NO;
				ENABLE_STRICT_OBJC_MSGSEND = YES;
				GCC_C_LANGUAGE_STANDARD = gnu11;
				GCC_NO_COMMON_BLOCKS = YES;
				GCC_WARN_64_TO_32_BIT_CONVERSION = YES;
				GCC_WARN_ABOUT_RETURN_TYPE = YES_ERROR;
				GCC_WARN_UNDECLARED_SELECTOR = YES;
				GCC_WARN_UNINITIALIZED_AUTOS = YES_AGGRESSIVE;
				GCC_WARN_UNUSED_FUNCTION = YES;
				GCC_WARN_UNUSED_VARIABLE = YES;
				IPHONEOS_DEPLOYMENT_TARGET = 14.0;
				MTL_ENABLE_DEBUG_INFO = NO;
				MTL_FAST_MATH = YES;
				SDKROOT = iphoneos;
				SWIFT_COMPILATION_MODE = wholemodule;
				SWIFT_OPTIMIZATION_LEVEL = "-O";
				VALIDATE_PRODUCT = YES;
			};
			name = Release;
		};
		38140177275A56C70042B9EE /* Debug */ = {
			isa = XCBuildConfiguration;
			buildSettings = {
				ASSETCATALOG_COMPILER_APPICON_NAME = AppIcon;
				ASSETCATALOG_COMPILER_GLOBAL_ACCENT_COLOR_NAME = AccentColor;
				CODE_SIGN_STYLE = Automatic;
				INFOPLIST_FILE = "TODO List/Info.plist";
				LD_RUNPATH_SEARCH_PATHS = (
					"$(inherited)",
					"@executable_path/Frameworks",
				);
				PRODUCT_BUNDLE_IDENTIFIER = "esirem.TODO-List";
				PRODUCT_NAME = "$(TARGET_NAME)";
				SWIFT_VERSION = 5.0;
				TARGETED_DEVICE_FAMILY = "1,2";
			};
			name = Debug;
		};
		38140178275A56C70042B9EE /* Release */ = {
			isa = XCBuildConfiguration;
			buildSettings = {
				ASSETCATALOG_COMPILER_APPICON_NAME = AppIcon;
				ASSETCATALOG_COMPILER_GLOBAL_ACCENT_COLOR_NAME = AccentColor;
				CODE_SIGN_STYLE = Automatic;
				INFOPLIST_FILE = "TODO List/Info.plist";
				LD_RUNPATH_SEARCH_PATHS = (
					"$(inherited)",
					"@executable_path/Frameworks",
				);
				PRODUCT_BUNDLE_IDENTIFIER = "esirem.TODO-List";
				PRODUCT_NAME = "$(TARGET_NAME)";
				SWIFT_VERSION = 5.0;
				TARGETED_DEVICE_FAMILY = "1,2";
			};
			name = Release;
		};
/* End XCBuildConfiguration section */

/* Begin XCConfigurationList section */
		3814015D275A56BF0042B9EE /* Build configuration list for PBXProject "TODO List" */ = {
			isa = XCConfigurationList;
			buildConfigurations = (
				38140174275A56C70042B9EE /* Debug */,
				38140175275A56C70042B9EE /* Release */,
			);
			defaultConfigurationIsVisible = 0;
			defaultConfigurationName = Release;
		};
		38140176275A56C70042B9EE /* Build configuration list for PBXNativeTarget "TODO List" */ = {
			isa = XCConfigurationList;
			buildConfigurations = (
				38140177275A56C70042B9EE /* Debug */,
				38140178275A56C70042B9EE /* Release */,
			);
			defaultConfigurationIsVisible = 0;
			defaultConfigurationName = Release;
		};
/* End XCConfigurationList section */
	};
	rootObject = 3814015A275A56BF0042B9EE /* Project object */;
}
